
Microsoft Visual Studio Solution File, Format Version 12.00
# Visual Studio Version 17
VisualStudioVersion = 17.3.32825.248
MinimumVisualStudioVersion = 10.0.40219.1
Project("{FAE04EC0-301F-11D3-BF4B-00C04F79EFBC}") = "LeVanTru1409", "LeVanTru1409\LeVanTru1409.csproj", "{B25E7626-9826-4CA2-A226-FA410BB0E607}"
EndProject
Global
	GlobalSection(SolutionConfigurationPlatforms) = preSolution
		Debug|Any CPU = Debug|Any CPU
		Release|Any CPU = Release|Any CPU
	EndGlobalSection
	GlobalSection(ProjectConfigurationPlatforms) = postSolution
		{B25E7626-9826-4CA2-A226-FA410BB0E607}.Debug|Any CPU.ActiveCfg = Debug|Any CPU
		{B25E7626-9826-4CA2-A226-FA410BB0E607}.Debug|Any CPU.Build.0 = Debug|Any CPU
		{B25E7626-9826-4CA2-A226-FA410BB0E607}.Release|Any CPU.ActiveCfg = Release|Any CPU
		{B25E7626-9826-4CA2-A226-FA410BB0E607}.Release|Any CPU.Build.0 = Release|Any CPU
	EndGlobalSection
	GlobalSection(SolutionProperties) = preSolution
		HideSolutionNode = FALSE
	EndGlobalSection
	GlobalSection(ExtensibilityGlobals) = postSolution
		SolutionGuid = {BACF263B-CB64-4F83-BF52-5346872F0545}
	EndGlobalSection
EndGlobal
